// !$*UTF8*$!
{
	archiveVersion = 1;
	classes = {
	};
	objectVersion = 52;
	objects = {

/* Begin PBXBuildFile section */
		C938C4FA26A0AC8A008C815E /* AppDelegate.swift in Sources */ = {isa = PBXBuildFile; fileRef = C938C4F926A0AC8A008C815E /* AppDelegate.swift */; };
		C938C50126A0AC8A008C815E /* Main.storyboard in Resources */ = {isa = PBXBuildFile; fileRef = C938C4FF26A0AC8A008C815E /* Main.storyboard */; };
		C938C50326A0AC8B008C815E /* Assets.xcassets in Resources */ = {isa = PBXBuildFile; fileRef = C938C50226A0AC8B008C815E /* Assets.xcassets */; };
		C938C50626A0AC8B008C815E /* LaunchScreen.storyboard in Resources */ = {isa = PBXBuildFile; fileRef = C938C50426A0AC8B008C815E /* LaunchScreen.storyboard */; };
		C938C51126A0AC8B008C815E /* MarvelChallengeTests.swift in Sources */ = {isa = PBXBuildFile; fileRef = C938C51026A0AC8B008C815E /* MarvelChallengeTests.swift */; };
		C938C51C26A0AC8B008C815E /* MarvelChallengeUITests.swift in Sources */ = {isa = PBXBuildFile; fileRef = C938C51B26A0AC8B008C815E /* MarvelChallengeUITests.swift */; };
		C938C5B026A0CB47008C815E /* Image.swift in Sources */ = {isa = PBXBuildFile; fileRef = C938C5AD26A0CB47008C815E /* Image.swift */; };
		C938C5B126A0CB47008C815E /* MD5.swift in Sources */ = {isa = PBXBuildFile; fileRef = C938C5AE26A0CB47008C815E /* MD5.swift */; };
		C938C5B226A0CB47008C815E /* NetworkError.swift in Sources */ = {isa = PBXBuildFile; fileRef = C938C5AF26A0CB47008C815E /* NetworkError.swift */; };
		C938C5B726A0CB55008C815E /* CharacterService.swift in Sources */ = {isa = PBXBuildFile; fileRef = C938C5B326A0CB55008C815E /* CharacterService.swift */; };
		C938C5B826A0CB55008C815E /* NetworkConstant.swift in Sources */ = {isa = PBXBuildFile; fileRef = C938C5B426A0CB55008C815E /* NetworkConstant.swift */; };
		C938C5B926A0CB55008C815E /* MarvelRequest.swift in Sources */ = {isa = PBXBuildFile; fileRef = C938C5B526A0CB55008C815E /* MarvelRequest.swift */; };
		C938C5BA26A0CB55008C815E /* NetworkManager.swift in Sources */ = {isa = PBXBuildFile; fileRef = C938C5B626A0CB55008C815E /* NetworkManager.swift */; };
		C938C5BD26A0CB61008C815E /* Dictionary+Ext.swift in Sources */ = {isa = PBXBuildFile; fileRef = C938C5BB26A0CB61008C815E /* Dictionary+Ext.swift */; };
		C938C5BE26A0CB61008C815E /* UIImageView+Ext.swift in Sources */ = {isa = PBXBuildFile; fileRef = C938C5BC26A0CB61008C815E /* UIImageView+Ext.swift */; };
		C938C5C026A0CB69008C815E /* AppSegues.swift in Sources */ = {isa = PBXBuildFile; fileRef = C938C5BF26A0CB69008C815E /* AppSegues.swift */; };
		C938C5C326A0CB72008C815E /* CharacterListViewController.swift in Sources */ = {isa = PBXBuildFile; fileRef = C938C5C126A0CB72008C815E /* CharacterListViewController.swift */; };
		C938C5C426A0CB72008C815E /* CharacterDetailViewController.swift in Sources */ = {isa = PBXBuildFile; fileRef = C938C5C226A0CB72008C815E /* CharacterDetailViewController.swift */; };
		C938C5C726A0CB7E008C815E /* CharacterTableViewCell.xib in Resources */ = {isa = PBXBuildFile; fileRef = C938C5C526A0CB7E008C815E /* CharacterTableViewCell.xib */; };
		C938C5C826A0CB7E008C815E /* CharacterTableViewCell.swift in Sources */ = {isa = PBXBuildFile; fileRef = C938C5C626A0CB7E008C815E /* CharacterTableViewCell.swift */; };
		C938C5CB26A0CBB9008C815E /* AlamofireImage in Frameworks */ = {isa = PBXBuildFile; productRef = C938C5CA26A0CBB9008C815E /* AlamofireImage */; };
		C938C5CE26A0CBC9008C815E /* Alamofire in Frameworks */ = {isa = PBXBuildFile; productRef = C938C5CD26A0CBC9008C815E /* Alamofire */; };
		C938C5D426A0CC1F008C815E /* Comics.swift in Sources */ = {isa = PBXBuildFile; fileRef = C938C5CF26A0CC1F008C815E /* Comics.swift */; };
		C938C5D526A0CC1F008C815E /* Character.swift in Sources */ = {isa = PBXBuildFile; fileRef = C938C5D026A0CC1F008C815E /* Character.swift */; };
		C938C5D626A0CC1F008C815E /* Response.swift in Sources */ = {isa = PBXBuildFile; fileRef = C938C5D126A0CC1F008C815E /* Response.swift */; };
		C938C5D726A0CC1F008C815E /* Result.swift in Sources */ = {isa = PBXBuildFile; fileRef = C938C5D226A0CC1F008C815E /* Result.swift */; };
		C938C5D826A0CC1F008C815E /* MarvelItem.swift in Sources */ = {isa = PBXBuildFile; fileRef = C938C5D326A0CC1F008C815E /* MarvelItem.swift */; };
		C938C5DC26A0CC80008C815E /* CharacterListDataSourceDelegate.swift in Sources */ = {isa = PBXBuildFile; fileRef = C938C5D926A0CC80008C815E /* CharacterListDataSourceDelegate.swift */; };
		C938C5DD26A0CC80008C815E /* CharacterViewModel.swift in Sources */ = {isa = PBXBuildFile; fileRef = C938C5DA26A0CC80008C815E /* CharacterViewModel.swift */; };
		C938C5DE26A0CC80008C815E /* CharacterListViewModel.swift in Sources */ = {isa = PBXBuildFile; fileRef = C938C5DB26A0CC80008C815E /* CharacterListViewModel.swift */; };
/* End PBXBuildFile section */

/* Begin PBXContainerItemProxy section */
		C938C50D26A0AC8B008C815E /* PBXContainerItemProxy */ = {
			isa = PBXContainerItemProxy;
			containerPortal = C938C4EE26A0AC8A008C815E /* Project object */;
			proxyType = 1;
			remoteGlobalIDString = C938C4F526A0AC8A008C815E;
			remoteInfo = MarvelChallenge;
		};
		C938C51826A0AC8B008C815E /* PBXContainerItemProxy */ = {
			isa = PBXContainerItemProxy;
			containerPortal = C938C4EE26A0AC8A008C815E /* Project object */;
			proxyType = 1;
			remoteGlobalIDString = C938C4F526A0AC8A008C815E;
			remoteInfo = MarvelChallenge;
		};
/* End PBXContainerItemProxy section */

/* Begin PBXFileReference section */
		C938C4F626A0AC8A008C815E /* MarvelChallenge.app */ = {isa = PBXFileReference; explicitFileType = wrapper.application; includeInIndex = 0; path = MarvelChallenge.app; sourceTree = BUILT_PRODUCTS_DIR; };
		C938C4F926A0AC8A008C815E /* AppDelegate.swift */ = {isa = PBXFileReference; lastKnownFileType = sourcecode.swift; path = AppDelegate.swift; sourceTree = "<group>"; };
		C938C50026A0AC8A008C815E /* Base */ = {isa = PBXFileReference; lastKnownFileType = file.storyboard; name = Base; path = Base.lproj/Main.storyboard; sourceTree = "<group>"; };
		C938C50226A0AC8B008C815E /* Assets.xcassets */ = {isa = PBXFileReference; lastKnownFileType = folder.assetcatalog; path = Assets.xcassets; sourceTree = "<group>"; };
		C938C50526A0AC8B008C815E /* Base */ = {isa = PBXFileReference; lastKnownFileType = file.storyboard; name = Base; path = Base.lproj/LaunchScreen.storyboard; sourceTree = "<group>"; };
		C938C50726A0AC8B008C815E /* Info.plist */ = {isa = PBXFileReference; lastKnownFileType = text.plist.xml; path = Info.plist; sourceTree = "<group>"; };
		C938C50C26A0AC8B008C815E /* MarvelChallengeTests.xctest */ = {isa = PBXFileReference; explicitFileType = wrapper.cfbundle; includeInIndex = 0; path = MarvelChallengeTests.xctest; sourceTree = BUILT_PRODUCTS_DIR; };
		C938C51026A0AC8B008C815E /* MarvelChallengeTests.swift */ = {isa = PBXFileReference; lastKnownFileType = sourcecode.swift; path = MarvelChallengeTests.swift; sourceTree = "<group>"; };
		C938C51226A0AC8B008C815E /* Info.plist */ = {isa = PBXFileReference; lastKnownFileType = text.plist.xml; path = Info.plist; sourceTree = "<group>"; };
		C938C51726A0AC8B008C815E /* MarvelChallengeUITests.xctest */ = {isa = PBXFileReference; explicitFileType = wrapper.cfbundle; includeInIndex = 0; path = MarvelChallengeUITests.xctest; sourceTree = BUILT_PRODUCTS_DIR; };
		C938C51B26A0AC8B008C815E /* MarvelChallengeUITests.swift */ = {isa = PBXFileReference; lastKnownFileType = sourcecode.swift; path = MarvelChallengeUITests.swift; sourceTree = "<group>"; };
		C938C51D26A0AC8B008C815E /* Info.plist */ = {isa = PBXFileReference; lastKnownFileType = text.plist.xml; path = Info.plist; sourceTree = "<group>"; };
		C938C5AD26A0CB47008C815E /* Image.swift */ = {isa = PBXFileReference; fileEncoding = 4; lastKnownFileType = sourcecode.swift; path = Image.swift; sourceTree = "<group>"; };
		C938C5AE26A0CB47008C815E /* MD5.swift */ = {isa = PBXFileReference; fileEncoding = 4; lastKnownFileType = sourcecode.swift; path = MD5.swift; sourceTree = "<group>"; };
		C938C5AF26A0CB47008C815E /* NetworkError.swift */ = {isa = PBXFileReference; fileEncoding = 4; lastKnownFileType = sourcecode.swift; path = NetworkError.swift; sourceTree = "<group>"; };
		C938C5B326A0CB55008C815E /* CharacterService.swift */ = {isa = PBXFileReference; fileEncoding = 4; lastKnownFileType = sourcecode.swift; path = CharacterService.swift; sourceTree = "<group>"; };
		C938C5B426A0CB55008C815E /* NetworkConstant.swift */ = {isa = PBXFileReference; fileEncoding = 4; lastKnownFileType = sourcecode.swift; path = NetworkConstant.swift; sourceTree = "<group>"; };
		C938C5B526A0CB55008C815E /* MarvelRequest.swift */ = {isa = PBXFileReference; fileEncoding = 4; lastKnownFileType = sourcecode.swift; path = MarvelRequest.swift; sourceTree = "<group>"; };
		C938C5B626A0CB55008C815E /* NetworkManager.swift */ = {isa = PBXFileReference; fileEncoding = 4; lastKnownFileType = sourcecode.swift; path = NetworkManager.swift; sourceTree = "<group>"; };
		C938C5BB26A0CB61008C815E /* Dictionary+Ext.swift */ = {isa = PBXFileReference; fileEncoding = 4; lastKnownFileType = sourcecode.swift; path = "Dictionary+Ext.swift"; sourceTree = "<group>"; };
		C938C5BC26A0CB61008C815E /* UIImageView+Ext.swift */ = {isa = PBXFileReference; fileEncoding = 4; lastKnownFileType = sourcecode.swift; path = "UIImageView+Ext.swift"; sourceTree = "<group>"; };
		C938C5BF26A0CB69008C815E /* AppSegues.swift */ = {isa = PBXFileReference; fileEncoding = 4; lastKnownFileType = sourcecode.swift; path = AppSegues.swift; sourceTree = "<group>"; };
		C938C5C126A0CB72008C815E /* CharacterListViewController.swift */ = {isa = PBXFileReference; fileEncoding = 4; lastKnownFileType = sourcecode.swift; path = CharacterListViewController.swift; sourceTree = "<group>"; };
		C938C5C226A0CB72008C815E /* CharacterDetailViewController.swift */ = {isa = PBXFileReference; fileEncoding = 4; lastKnownFileType = sourcecode.swift; path = CharacterDetailViewController.swift; sourceTree = "<group>"; };
		C938C5C526A0CB7E008C815E /* CharacterTableViewCell.xib */ = {isa = PBXFileReference; fileEncoding = 4; lastKnownFileType = file.xib; path = CharacterTableViewCell.xib; sourceTree = "<group>"; };
		C938C5C626A0CB7E008C815E /* CharacterTableViewCell.swift */ = {isa = PBXFileReference; fileEncoding = 4; lastKnownFileType = sourcecode.swift; path = CharacterTableViewCell.swift; sourceTree = "<group>"; };
		C938C5CF26A0CC1F008C815E /* Comics.swift */ = {isa = PBXFileReference; fileEncoding = 4; lastKnownFileType = sourcecode.swift; path = Comics.swift; sourceTree = "<group>"; };
		C938C5D026A0CC1F008C815E /* Character.swift */ = {isa = PBXFileReference; fileEncoding = 4; lastKnownFileType = sourcecode.swift; path = Character.swift; sourceTree = "<group>"; };
		C938C5D126A0CC1F008C815E /* Response.swift */ = {isa = PBXFileReference; fileEncoding = 4; lastKnownFileType = sourcecode.swift; path = Response.swift; sourceTree = "<group>"; };
		C938C5D226A0CC1F008C815E /* Result.swift */ = {isa = PBXFileReference; fileEncoding = 4; lastKnownFileType = sourcecode.swift; path = Result.swift; sourceTree = "<group>"; };
		C938C5D326A0CC1F008C815E /* MarvelItem.swift */ = {isa = PBXFileReference; fileEncoding = 4; lastKnownFileType = sourcecode.swift; path = MarvelItem.swift; sourceTree = "<group>"; };
		C938C5D926A0CC80008C815E /* CharacterListDataSourceDelegate.swift */ = {isa = PBXFileReference; fileEncoding = 4; lastKnownFileType = sourcecode.swift; path = CharacterListDataSourceDelegate.swift; sourceTree = "<group>"; };
		C938C5DA26A0CC80008C815E /* CharacterViewModel.swift */ = {isa = PBXFileReference; fileEncoding = 4; lastKnownFileType = sourcecode.swift; path = CharacterViewModel.swift; sourceTree = "<group>"; };
		C938C5DB26A0CC80008C815E /* CharacterListViewModel.swift */ = {isa = PBXFileReference; fileEncoding = 4; lastKnownFileType = sourcecode.swift; path = CharacterListViewModel.swift; sourceTree = "<group>"; };
/* End PBXFileReference section */

/* Begin PBXFrameworksBuildPhase section */
		C938C4F326A0AC8A008C815E /* Frameworks */ = {
			isa = PBXFrameworksBuildPhase;
			buildActionMask = 2147483647;
			files = (
				C938C5CB26A0CBB9008C815E /* AlamofireImage in Frameworks */,
				C938C5CE26A0CBC9008C815E /* Alamofire in Frameworks */,
			);
			runOnlyForDeploymentPostprocessing = 0;
		};
		C938C50926A0AC8B008C815E /* Frameworks */ = {
			isa = PBXFrameworksBuildPhase;
			buildActionMask = 2147483647;
			files = (
			);
			runOnlyForDeploymentPostprocessing = 0;
		};
		C938C51426A0AC8B008C815E /* Frameworks */ = {
			isa = PBXFrameworksBuildPhase;
			buildActionMask = 2147483647;
			files = (
			);
			runOnlyForDeploymentPostprocessing = 0;
		};
/* End PBXFrameworksBuildPhase section */

/* Begin PBXGroup section */
		C938C4ED26A0AC8A008C815E = {
			isa = PBXGroup;
			children = (
				C938C4F826A0AC8A008C815E /* MarvelChallenge */,
				C938C50F26A0AC8B008C815E /* MarvelChallengeTests */,
				C938C51A26A0AC8B008C815E /* MarvelChallengeUITests */,
				C938C4F726A0AC8A008C815E /* Products */,
			);
			sourceTree = "<group>";
		};
		C938C4F726A0AC8A008C815E /* Products */ = {
			isa = PBXGroup;
			children = (
				C938C4F626A0AC8A008C815E /* MarvelChallenge.app */,
				C938C50C26A0AC8B008C815E /* MarvelChallengeTests.xctest */,
				C938C51726A0AC8B008C815E /* MarvelChallengeUITests.xctest */,
			);
			name = Products;
			sourceTree = "<group>";
		};
		C938C4F826A0AC8A008C815E /* MarvelChallenge */ = {
			isa = PBXGroup;
			children = (
				C938C5A826A0C78B008C815E /* Common */,
				C938C5A726A0C777008C815E /* Network */,
				C938C5A626A0C769008C815E /* Resources */,
				C938C5A526A0C761008C815E /* Application */,
				C938C5A426A0C745008C815E /* Extensions */,
				C938C5A326A0C73D008C815E /* Model */,
				C938C5A226A0C735008C815E /* ViewModel */,
				C938C5A126A0C72F008C815E /* View */,
			);
			path = MarvelChallenge;
			sourceTree = "<group>";
		};
		C938C50F26A0AC8B008C815E /* MarvelChallengeTests */ = {
			isa = PBXGroup;
			children = (
				C938C51026A0AC8B008C815E /* MarvelChallengeTests.swift */,
				C938C51226A0AC8B008C815E /* Info.plist */,
			);
			path = MarvelChallengeTests;
			sourceTree = "<group>";
		};
		C938C51A26A0AC8B008C815E /* MarvelChallengeUITests */ = {
			isa = PBXGroup;
			children = (
				C938C51B26A0AC8B008C815E /* MarvelChallengeUITests.swift */,
				C938C51D26A0AC8B008C815E /* Info.plist */,
			);
			path = MarvelChallengeUITests;
			sourceTree = "<group>";
		};
		C938C5A126A0C72F008C815E /* View */ = {
			isa = PBXGroup;
			children = (
				C938C5BF26A0CB69008C815E /* AppSegues.swift */,
				C938C5AA26A0C877008C815E /* Controller */,
				C938C5A926A0C86F008C815E /* CustomViews */,
				C938C4FF26A0AC8A008C815E /* Main.storyboard */,
				C938C50426A0AC8B008C815E /* LaunchScreen.storyboard */,
			);
			path = View;
			sourceTree = "<group>";
		};
		C938C5A226A0C735008C815E /* ViewModel */ = {
			isa = PBXGroup;
			children = (
				C938C5AC26A0C89B008C815E /* Character */,
			);
			path = ViewModel;
			sourceTree = "<group>";
		};
		C938C5A326A0C73D008C815E /* Model */ = {
			isa = PBXGroup;
			children = (
				C938C5D026A0CC1F008C815E /* Character.swift */,
				C938C5CF26A0CC1F008C815E /* Comics.swift */,
				C938C5D326A0CC1F008C815E /* MarvelItem.swift */,
				C938C5D126A0CC1F008C815E /* Response.swift */,
				C938C5D226A0CC1F008C815E /* Result.swift */,
			);
			path = Model;
			sourceTree = "<group>";
		};
		C938C5A426A0C745008C815E /* Extensions */ = {
			isa = PBXGroup;
			children = (
				C938C5BB26A0CB61008C815E /* Dictionary+Ext.swift */,
				C938C5BC26A0CB61008C815E /* UIImageView+Ext.swift */,
			);
			path = Extensions;
			sourceTree = "<group>";
		};
		C938C5A526A0C761008C815E /* Application */ = {
			isa = PBXGroup;
			children = (
				C938C4F926A0AC8A008C815E /* AppDelegate.swift */,
				C938C50726A0AC8B008C815E /* Info.plist */,
			);
			path = Application;
			sourceTree = "<group>";
		};
		C938C5A626A0C769008C815E /* Resources */ = {
			isa = PBXGroup;
			children = (
				C938C50226A0AC8B008C815E /* Assets.xcassets */,
			);
			path = Resources;
			sourceTree = "<group>";
		};
		C938C5A726A0C777008C815E /* Network */ = {
			isa = PBXGroup;
			children = (
				C938C5B326A0CB55008C815E /* CharacterService.swift */,
				C938C5B526A0CB55008C815E /* MarvelRequest.swift */,
				C938C5B426A0CB55008C815E /* NetworkConstant.swift */,
				C938C5B626A0CB55008C815E /* NetworkManager.swift */,
			);
			path = Network;
			sourceTree = "<group>";
		};
		C938C5A826A0C78B008C815E /* Common */ = {
			isa = PBXGroup;
			children = (
				C938C5AD26A0CB47008C815E /* Image.swift */,
				C938C5AE26A0CB47008C815E /* MD5.swift */,
				C938C5AF26A0CB47008C815E /* NetworkError.swift */,
			);
			path = Common;
			sourceTree = "<group>";
		};
		C938C5A926A0C86F008C815E /* CustomViews */ = {
			isa = PBXGroup;
			children = (
				C938C5AB26A0C883008C815E /* TableViewCell */,
			);
			path = CustomViews;
			sourceTree = "<group>";
		};
		C938C5AA26A0C877008C815E /* Controller */ = {
			isa = PBXGroup;
			children = (
				C938C5C226A0CB72008C815E /* CharacterDetailViewController.swift */,
				C938C5C126A0CB72008C815E /* CharacterListViewController.swift */,
			);
			path = Controller;
			sourceTree = "<group>";
		};
		C938C5AB26A0C883008C815E /* TableViewCell */ = {
			isa = PBXGroup;
			children = (
				C938C5C626A0CB7E008C815E /* CharacterTableViewCell.swift */,
				C938C5C526A0CB7E008C815E /* CharacterTableViewCell.xib */,
			);
			path = TableViewCell;
			sourceTree = "<group>";
		};
		C938C5AC26A0C89B008C815E /* Character */ = {
			isa = PBXGroup;
			children = (
				C938C5D926A0CC80008C815E /* CharacterListDataSourceDelegate.swift */,
				C938C5DB26A0CC80008C815E /* CharacterListViewModel.swift */,
				C938C5DA26A0CC80008C815E /* CharacterViewModel.swift */,
			);
			path = Character;
			sourceTree = "<group>";
		};
/* End PBXGroup section */

/* Begin PBXNativeTarget section */
		C938C4F526A0AC8A008C815E /* MarvelChallenge */ = {
			isa = PBXNativeTarget;
			buildConfigurationList = C938C52026A0AC8B008C815E /* Build configuration list for PBXNativeTarget "MarvelChallenge" */;
			buildPhases = (
				C938C4F226A0AC8A008C815E /* Sources */,
				C938C4F326A0AC8A008C815E /* Frameworks */,
				C938C4F426A0AC8A008C815E /* Resources */,
			);
			buildRules = (
			);
			dependencies = (
			);
			name = MarvelChallenge;
			packageProductDependencies = (
				C938C5CA26A0CBB9008C815E /* AlamofireImage */,
				C938C5CD26A0CBC9008C815E /* Alamofire */,
			);
			productName = MarvelChallenge;
			productReference = C938C4F626A0AC8A008C815E /* MarvelChallenge.app */;
			productType = "com.apple.product-type.application";
		};
		C938C50B26A0AC8B008C815E /* MarvelChallengeTests */ = {
			isa = PBXNativeTarget;
			buildConfigurationList = C938C52326A0AC8B008C815E /* Build configuration list for PBXNativeTarget "MarvelChallengeTests" */;
			buildPhases = (
				C938C50826A0AC8B008C815E /* Sources */,
				C938C50926A0AC8B008C815E /* Frameworks */,
				C938C50A26A0AC8B008C815E /* Resources */,
			);
			buildRules = (
			);
			dependencies = (
				C938C50E26A0AC8B008C815E /* PBXTargetDependency */,
			);
			name = MarvelChallengeTests;
			productName = MarvelChallengeTests;
			productReference = C938C50C26A0AC8B008C815E /* MarvelChallengeTests.xctest */;
			productType = "com.apple.product-type.bundle.unit-test";
		};
		C938C51626A0AC8B008C815E /* MarvelChallengeUITests */ = {
			isa = PBXNativeTarget;
			buildConfigurationList = C938C52626A0AC8B008C815E /* Build configuration list for PBXNativeTarget "MarvelChallengeUITests" */;
			buildPhases = (
				C938C51326A0AC8B008C815E /* Sources */,
				C938C51426A0AC8B008C815E /* Frameworks */,
				C938C51526A0AC8B008C815E /* Resources */,
			);
			buildRules = (
			);
			dependencies = (
				C938C51926A0AC8B008C815E /* PBXTargetDependency */,
			);
			name = MarvelChallengeUITests;
			productName = MarvelChallengeUITests;
			productReference = C938C51726A0AC8B008C815E /* MarvelChallengeUITests.xctest */;
			productType = "com.apple.product-type.bundle.ui-testing";
		};
/* End PBXNativeTarget section */

/* Begin PBXProject section */
		C938C4EE26A0AC8A008C815E /* Project object */ = {
			isa = PBXProject;
			attributes = {
				LastSwiftUpdateCheck = 1250;
				LastUpgradeCheck = 1250;
				TargetAttributes = {
					C938C4F526A0AC8A008C815E = {
						CreatedOnToolsVersion = 12.5;
					};
					C938C50B26A0AC8B008C815E = {
						CreatedOnToolsVersion = 12.5;
						TestTargetID = C938C4F526A0AC8A008C815E;
					};
					C938C51626A0AC8B008C815E = {
						CreatedOnToolsVersion = 12.5;
						TestTargetID = C938C4F526A0AC8A008C815E;
					};
				};
			};
			buildConfigurationList = C938C4F126A0AC8A008C815E /* Build configuration list for PBXProject "MarvelChallenge" */;
			compatibilityVersion = "Xcode 9.3";
			developmentRegion = en;
			hasScannedForEncodings = 0;
			knownRegions = (
				en,
				Base,
			);
			mainGroup = C938C4ED26A0AC8A008C815E;
			packageReferences = (
				C938C5C926A0CBB9008C815E /* XCRemoteSwiftPackageReference "AlamofireImage" */,
				C938C5CC26A0CBC9008C815E /* XCRemoteSwiftPackageReference "Alamofire" */,
			);
			productRefGroup = C938C4F726A0AC8A008C815E /* Products */;
			projectDirPath = "";
			projectRoot = "";
			targets = (
				C938C4F526A0AC8A008C815E /* MarvelChallenge */,
				C938C50B26A0AC8B008C815E /* MarvelChallengeTests */,
				C938C51626A0AC8B008C815E /* MarvelChallengeUITests */,
			);
		};
/* End PBXProject section */

/* Begin PBXResourcesBuildPhase section */
		C938C4F426A0AC8A008C815E /* Resources */ = {
			isa = PBXResourcesBuildPhase;
			buildActionMask = 2147483647;
			files = (
				C938C50626A0AC8B008C815E /* LaunchScreen.storyboard in Resources */,
				C938C50326A0AC8B008C815E /* Assets.xcassets in Resources */,
				C938C50126A0AC8A008C815E /* Main.storyboard in Resources */,
				C938C5C726A0CB7E008C815E /* CharacterTableViewCell.xib in Resources */,
			);
			runOnlyForDeploymentPostprocessing = 0;
		};
		C938C50A26A0AC8B008C815E /* Resources */ = {
			isa = PBXResourcesBuildPhase;
			buildActionMask = 2147483647;
			files = (
			);
			runOnlyForDeploymentPostprocessing = 0;
		};
		C938C51526A0AC8B008C815E /* Resources */ = {
			isa = PBXResourcesBuildPhase;
			buildActionMask = 2147483647;
			files = (
			);
			runOnlyForDeploymentPostprocessing = 0;
		};
/* End PBXResourcesBuildPhase section */

/* Begin PBXSourcesBuildPhase section */
		C938C4F226A0AC8A008C815E /* Sources */ = {
			isa = PBXSourcesBuildPhase;
			buildActionMask = 2147483647;
			files = (
				C938C5D726A0CC1F008C815E /* Result.swift in Sources */,
				C938C5DD26A0CC80008C815E /* CharacterViewModel.swift in Sources */,
				C938C5D826A0CC1F008C815E /* MarvelItem.swift in Sources */,
				C938C5B726A0CB55008C815E /* CharacterService.swift in Sources */,
				C938C5C826A0CB7E008C815E /* CharacterTableViewCell.swift in Sources */,
				C938C5B926A0CB55008C815E /* MarvelRequest.swift in Sources */,
				C938C5D626A0CC1F008C815E /* Response.swift in Sources */,
				C938C4FA26A0AC8A008C815E /* AppDelegate.swift in Sources */,
				C938C5B226A0CB47008C815E /* NetworkError.swift in Sources */,
				C938C5D426A0CC1F008C815E /* Comics.swift in Sources */,
				C938C5C326A0CB72008C815E /* CharacterListViewController.swift in Sources */,
				C938C5D526A0CC1F008C815E /* Character.swift in Sources */,
				C938C5DE26A0CC80008C815E /* CharacterListViewModel.swift in Sources */,
				C938C5DC26A0CC80008C815E /* CharacterListDataSourceDelegate.swift in Sources */,
				C938C5BD26A0CB61008C815E /* Dictionary+Ext.swift in Sources */,
				C938C5BA26A0CB55008C815E /* NetworkManager.swift in Sources */,
				C938C5BE26A0CB61008C815E /* UIImageView+Ext.swift in Sources */,
				C938C5C426A0CB72008C815E /* CharacterDetailViewController.swift in Sources */,
				C938C5B026A0CB47008C815E /* Image.swift in Sources */,
				C938C5B826A0CB55008C815E /* NetworkConstant.swift in Sources */,
				C938C5C026A0CB69008C815E /* AppSegues.swift in Sources */,
				C938C5B126A0CB47008C815E /* MD5.swift in Sources */,
			);
			runOnlyForDeploymentPostprocessing = 0;
		};
		C938C50826A0AC8B008C815E /* Sources */ = {
			isa = PBXSourcesBuildPhase;
			buildActionMask = 2147483647;
			files = (
				C938C51126A0AC8B008C815E /* MarvelChallengeTests.swift in Sources */,
			);
			runOnlyForDeploymentPostprocessing = 0;
		};
		C938C51326A0AC8B008C815E /* Sources */ = {
			isa = PBXSourcesBuildPhase;
			buildActionMask = 2147483647;
			files = (
				C938C51C26A0AC8B008C815E /* MarvelChallengeUITests.swift in Sources */,
			);
			runOnlyForDeploymentPostprocessing = 0;
		};
/* End PBXSourcesBuildPhase section */

/* Begin PBXTargetDependency section */
		C938C50E26A0AC8B008C815E /* PBXTargetDependency */ = {
			isa = PBXTargetDependency;
			target = C938C4F526A0AC8A008C815E /* MarvelChallenge */;
			targetProxy = C938C50D26A0AC8B008C815E /* PBXContainerItemProxy */;
		};
		C938C51926A0AC8B008C815E /* PBXTargetDependency */ = {
			isa = PBXTargetDependency;
			target = C938C4F526A0AC8A008C815E /* MarvelChallenge */;
			targetProxy = C938C51826A0AC8B008C815E /* PBXContainerItemProxy */;
		};
/* End PBXTargetDependency section */

/* Begin PBXVariantGroup section */
		C938C4FF26A0AC8A008C815E /* Main.storyboard */ = {
			isa = PBXVariantGroup;
			children = (
				C938C50026A0AC8A008C815E /* Base */,
			);
			name = Main.storyboard;
			sourceTree = "<group>";
		};
		C938C50426A0AC8B008C815E /* LaunchScreen.storyboard */ = {
			isa = PBXVariantGroup;
			children = (
				C938C50526A0AC8B008C815E /* Base */,
			);
			name = LaunchScreen.storyboard;
			sourceTree = "<group>";
		};
/* End PBXVariantGroup section */

/* Begin XCBuildConfiguration section */
		C938C51E26A0AC8B008C815E /* Debug */ = {
			isa = XCBuildConfiguration;
			buildSettings = {
				ALWAYS_SEARCH_USER_PATHS = NO;
				CLANG_ANALYZER_NONNULL = YES;
				CLANG_ANALYZER_NUMBER_OBJECT_CONVERSION = YES_AGGRESSIVE;
				CLANG_CXX_LANGUAGE_STANDARD = "gnu++14";
				CLANG_CXX_LIBRARY = "libc++";
				CLANG_ENABLE_MODULES = YES;
				CLANG_ENABLE_OBJC_ARC = YES;
				CLANG_ENABLE_OBJC_WEAK = YES;
				CLANG_WARN_BLOCK_CAPTURE_AUTORELEASING = YES;
				CLANG_WARN_BOOL_CONVERSION = YES;
				CLANG_WARN_COMMA = YES;
				CLANG_WARN_CONSTANT_CONVERSION = YES;
				CLANG_WARN_DEPRECATED_OBJC_IMPLEMENTATIONS = YES;
				CLANG_WARN_DIRECT_OBJC_ISA_USAGE = YES_ERROR;
				CLANG_WARN_DOCUMENTATION_COMMENTS = YES;
				CLANG_WARN_EMPTY_BODY = YES;
				CLANG_WARN_ENUM_CONVERSION = YES;
				CLANG_WARN_INFINITE_RECURSION = YES;
				CLANG_WARN_INT_CONVERSION = YES;
				CLANG_WARN_NON_LITERAL_NULL_CONVERSION = YES;
				CLANG_WARN_OBJC_IMPLICIT_RETAIN_SELF = YES;
				CLANG_WARN_OBJC_LITERAL_CONVERSION = YES;
				CLANG_WARN_OBJC_ROOT_CLASS = YES_ERROR;
				CLANG_WARN_QUOTED_INCLUDE_IN_FRAMEWORK_HEADER = YES;
				CLANG_WARN_RANGE_LOOP_ANALYSIS = YES;
				CLANG_WARN_STRICT_PROTOTYPES = YES;
				CLANG_WARN_SUSPICIOUS_MOVE = YES;
				CLANG_WARN_UNGUARDED_AVAILABILITY = YES_AGGRESSIVE;
				CLANG_WARN_UNREACHABLE_CODE = YES;
				CLANG_WARN__DUPLICATE_METHOD_MATCH = YES;
				COPY_PHASE_STRIP = NO;
				DEBUG_INFORMATION_FORMAT = dwarf;
				ENABLE_STRICT_OBJC_MSGSEND = YES;
				ENABLE_TESTABILITY = YES;
				GCC_C_LANGUAGE_STANDARD = gnu11;
				GCC_DYNAMIC_NO_PIC = NO;
				GCC_NO_COMMON_BLOCKS = YES;
				GCC_OPTIMIZATION_LEVEL = 0;
				GCC_PREPROCESSOR_DEFINITIONS = (
					"DEBUG=1",
					"$(inherited)",
				);
				GCC_WARN_64_TO_32_BIT_CONVERSION = YES;
				GCC_WARN_ABOUT_RETURN_TYPE = YES_ERROR;
				GCC_WARN_UNDECLARED_SELECTOR = YES;
				GCC_WARN_UNINITIALIZED_AUTOS = YES_AGGRESSIVE;
				GCC_WARN_UNUSED_FUNCTION = YES;
				GCC_WARN_UNUSED_VARIABLE = YES;
				IPHONEOS_DEPLOYMENT_TARGET = 14.5;
				MTL_ENABLE_DEBUG_INFO = INCLUDE_SOURCE;
				MTL_FAST_MATH = YES;
				ONLY_ACTIVE_ARCH = YES;
				SDKROOT = iphoneos;
				SWIFT_ACTIVE_COMPILATION_CONDITIONS = DEBUG;
				SWIFT_OPTIMIZATION_LEVEL = "-Onone";
			};
			name = Debug;
		};
		C938C51F26A0AC8B008C815E /* Release */ = {
			isa = XCBuildConfiguration;
			buildSettings = {
				ALWAYS_SEARCH_USER_PATHS = NO;
				CLANG_ANALYZER_NONNULL = YES;
				CLANG_ANALYZER_NUMBER_OBJECT_CONVERSION = YES_AGGRESSIVE;
				CLANG_CXX_LANGUAGE_STANDARD = "gnu++14";
				CLANG_CXX_LIBRARY = "libc++";
				CLANG_ENABLE_MODULES = YES;
				CLANG_ENABLE_OBJC_ARC = YES;
				CLANG_ENABLE_OBJC_WEAK = YES;
				CLANG_WARN_BLOCK_CAPTURE_AUTORELEASING = YES;
				CLANG_WARN_BOOL_CONVERSION = YES;
				CLANG_WARN_COMMA = YES;
				CLANG_WARN_CONSTANT_CONVERSION = YES;
				CLANG_WARN_DEPRECATED_OBJC_IMPLEMENTATIONS = YES;
				CLANG_WARN_DIRECT_OBJC_ISA_USAGE = YES_ERROR;
				CLANG_WARN_DOCUMENTATION_COMMENTS = YES;
				CLANG_WARN_EMPTY_BODY = YES;
				CLANG_WARN_ENUM_CONVERSION = YES;
				CLANG_WARN_INFINITE_RECURSION = YES;
				CLANG_WARN_INT_CONVERSION = YES;
				CLANG_WARN_NON_LITERAL_NULL_CONVERSION = YES;
				CLANG_WARN_OBJC_IMPLICIT_RETAIN_SELF = YES;
				CLANG_WARN_OBJC_LITERAL_CONVERSION = YES;
				CLANG_WARN_OBJC_ROOT_CLASS = YES_ERROR;
				CLANG_WARN_QUOTED_INCLUDE_IN_FRAMEWORK_HEADER = YES;
				CLANG_WARN_RANGE_LOOP_ANALYSIS = YES;
				CLANG_WARN_STRICT_PROTOTYPES = YES;
				CLANG_WARN_SUSPICIOUS_MOVE = YES;
				CLANG_WARN_UNGUARDED_AVAILABILITY = YES_AGGRESSIVE;
				CLANG_WARN_UNREACHABLE_CODE = YES;
				CLANG_WARN__DUPLICATE_METHOD_MATCH = YES;
				COPY_PHASE_STRIP = NO;
				DEBUG_INFORMATION_FORMAT = "dwarf-with-dsym";
				ENABLE_NS_ASSERTIONS = NO;
				ENABLE_STRICT_OBJC_MSGSEND = YES;
				GCC_C_LANGUAGE_STANDARD = gnu11;
				GCC_NO_COMMON_BLOCKS = YES;
				GCC_WARN_64_TO_32_BIT_CONVERSION = YES;
				GCC_WARN_ABOUT_RETURN_TYPE = YES_ERROR;
				GCC_WARN_UNDECLARED_SELECTOR = YES;
				GCC_WARN_UNINITIALIZED_AUTOS = YES_AGGRESSIVE;
				GCC_WARN_UNUSED_FUNCTION = YES;
				GCC_WARN_UNUSED_VARIABLE = YES;
				IPHONEOS_DEPLOYMENT_TARGET = 14.5;
				MTL_ENABLE_DEBUG_INFO = NO;
				MTL_FAST_MATH = YES;
				SDKROOT = iphoneos;
				SWIFT_COMPILATION_MODE = wholemodule;
				SWIFT_OPTIMIZATION_LEVEL = "-O";
				VALIDATE_PRODUCT = YES;
			};
			name = Release;
		};
		C938C52126A0AC8B008C815E /* Debug */ = {
			isa = XCBuildConfiguration;
			buildSettings = {
				ASSETCATALOG_COMPILER_APPICON_NAME = AppIcon;
				ASSETCATALOG_COMPILER_GLOBAL_ACCENT_COLOR_NAME = AccentColor;
				CODE_SIGN_STYLE = Automatic;
				INFOPLIST_FILE = MarvelChallenge/Application/Info.plist;
				LD_RUNPATH_SEARCH_PATHS = (
					"$(inherited)",
					"@executable_path/Frameworks",
				);
				PRODUCT_BUNDLE_IDENTIFIER = personal.MarvelChallenge;
				PRODUCT_NAME = "$(TARGET_NAME)";
				SWIFT_VERSION = 5.0;
				TARGETED_DEVICE_FAMILY = "1,2";
			};
			name = Debug;
		};
		C938C52226A0AC8B008C815E /* Release */ = {
			isa = XCBuildConfiguration;
			buildSettings = {
				ASSETCATALOG_COMPILER_APPICON_NAME = AppIcon;
				ASSETCATALOG_COMPILER_GLOBAL_ACCENT_COLOR_NAME = AccentColor;
				CODE_SIGN_STYLE = Automatic;
				INFOPLIST_FILE = MarvelChallenge/Application/Info.plist;
				LD_RUNPATH_SEARCH_PATHS = (
					"$(inherited)",
					"@executable_path/Frameworks",
				);
				PRODUCT_BUNDLE_IDENTIFIER = personal.MarvelChallenge;
				PRODUCT_NAME = "$(TARGET_NAME)";
				SWIFT_VERSION = 5.0;
				TARGETED_DEVICE_FAMILY = "1,2";
			};
			name = Release;
		};
		C938C52426A0AC8B008C815E /* Debug */ = {
			isa = XCBuildConfiguration;
			buildSettings = {
				ALWAYS_EMBED_SWIFT_STANDARD_LIBRARIES = YES;
				BUNDLE_LOADER = "$(TEST_HOST)";
				CODE_SIGN_STYLE = Automatic;
				INFOPLIST_FILE = MarvelChallengeTests/Info.plist;
				IPHONEOS_DEPLOYMENT_TARGET = 14.5;
				LD_RUNPATH_SEARCH_PATHS = (
					"$(inherited)",
					"@executable_path/Frameworks",
					"@loader_path/Frameworks",
				);
				PRODUCT_BUNDLE_IDENTIFIER = personal.MarvelChallengeTests;
				PRODUCT_NAME = "$(TARGET_NAME)";
				SWIFT_VERSION = 5.0;
				TARGETED_DEVICE_FAMILY = "1,2";
				TEST_HOST = "$(BUILT_PRODUCTS_DIR)/MarvelChallenge.app/MarvelChallenge";
			};
			name = Debug;
		};
		C938C52526A0AC8B008C815E /* Release */ = {
			isa = XCBuildConfiguration;
			buildSettings = {
				ALWAYS_EMBED_SWIFT_STANDARD_LIBRARIES = YES;
				BUNDLE_LOADER = "$(TEST_HOST)";
				CODE_SIGN_STYLE = Automatic;
				INFOPLIST_FILE = MarvelChallengeTests/Info.plist;
				IPHONEOS_DEPLOYMENT_TARGET = 14.5;
				LD_RUNPATH_SEARCH_PATHS = (
					"$(inherited)",
					"@executable_path/Frameworks",
					"@loader_path/Frameworks",
				);
				PRODUCT_BUNDLE_IDENTIFIER = personal.MarvelChallengeTests;
				PRODUCT_NAME = "$(TARGET_NAME)";
				SWIFT_VERSION = 5.0;
				TARGETED_DEVICE_FAMILY = "1,2";
				TEST_HOST = "$(BUILT_PRODUCTS_DIR)/MarvelChallenge.app/MarvelChallenge";
			};
			name = Release;
		};
		C938C52726A0AC8B008C815E /* Debug */ = {
			isa = XCBuildConfiguration;
			buildSettings = {
				ALWAYS_EMBED_SWIFT_STANDARD_LIBRARIES = YES;
				CODE_SIGN_STYLE = Automatic;
				INFOPLIST_FILE = MarvelChallengeUITests/Info.plist;
				LD_RUNPATH_SEARCH_PATHS = (
					"$(inherited)",
					"@executable_path/Frameworks",
					"@loader_path/Frameworks",
				);
				PRODUCT_BUNDLE_IDENTIFIER = personal.MarvelChallengeUITests;
				PRODUCT_NAME = "$(TARGET_NAME)";
				SWIFT_VERSION = 5.0;
				TARGETED_DEVICE_FAMILY = "1,2";
				TEST_TARGET_NAME = MarvelChallenge;
			};
			name = Debug;
		};
		C938C52826A0AC8B008C815E /* Release */ = {
			isa = XCBuildConfiguration;
			buildSettings = {
				ALWAYS_EMBED_SWIFT_STANDARD_LIBRARIES = YES;
				CODE_SIGN_STYLE = Automatic;
				INFOPLIST_FILE = MarvelChallengeUITests/Info.plist;
				LD_RUNPATH_SEARCH_PATHS = (
					"$(inherited)",
					"@executable_path/Frameworks",
					"@loader_path/Frameworks",
				);
				PRODUCT_BUNDLE_IDENTIFIER = personal.MarvelChallengeUITests;
				PRODUCT_NAME = "$(TARGET_NAME)";
				SWIFT_VERSION = 5.0;
				TARGETED_DEVICE_FAMILY = "1,2";
				TEST_TARGET_NAME = MarvelChallenge;
			};
			name = Release;
		};
/* End XCBuildConfiguration section */

/* Begin XCConfigurationList section */
		C938C4F126A0AC8A008C815E /* Build configuration list for PBXProject "MarvelChallenge" */ = {
			isa = XCConfigurationList;
			buildConfigurations = (
				C938C51E26A0AC8B008C815E /* Debug */,
				C938C51F26A0AC8B008C815E /* Release */,
			);
			defaultConfigurationIsVisible = 0;
			defaultConfigurationName = Release;
		};
		C938C52026A0AC8B008C815E /* Build configuration list for PBXNativeTarget "MarvelChallenge" */ = {
			isa = XCConfigurationList;
			buildConfigurations = (
				C938C52126A0AC8B008C815E /* Debug */,
				C938C52226A0AC8B008C815E /* Release */,
			);
			defaultConfigurationIsVisible = 0;
			defaultConfigurationName = Release;
		};
		C938C52326A0AC8B008C815E /* Build configuration list for PBXNativeTarget "MarvelChallengeTests" */ = {
			isa = XCConfigurationList;
			buildConfigurations = (
				C938C52426A0AC8B008C815E /* Debug */,
				C938C52526A0AC8B008C815E /* Release */,
			);
			defaultConfigurationIsVisible = 0;
			defaultConfigurationName = Release;
		};
		C938C52626A0AC8B008C815E /* Build configuration list for PBXNativeTarget "MarvelChallengeUITests" */ = {
			isa = XCConfigurationList;
			buildConfigurations = (
				C938C52726A0AC8B008C815E /* Debug */,
				C938C52826A0AC8B008C815E /* Release */,
			);
			defaultConfigurationIsVisible = 0;
			defaultConfigurationName = Release;
		};
/* End XCConfigurationList section */

/* Begin XCRemoteSwiftPackageReference section */
		C938C5C926A0CBB9008C815E /* XCRemoteSwiftPackageReference "AlamofireImage" */ = {
			isa = XCRemoteSwiftPackageReference;
			repositoryURL = "https://github.com/Alamofire/AlamofireImage";
			requirement = {
				kind = upToNextMajorVersion;
				minimumVersion = 4.2.0;
			};
		};
		C938C5CC26A0CBC9008C815E /* XCRemoteSwiftPackageReference "Alamofire" */ = {
			isa = XCRemoteSwiftPackageReference;
			repositoryURL = "https://github.com/Alamofire/Alamofire";
			requirement = {
				kind = upToNextMajorVersion;
				minimumVersion = 5.4.3;
			};
		};
/* End XCRemoteSwiftPackageReference section */

/* Begin XCSwiftPackageProductDependency section */
		C938C5CA26A0CBB9008C815E /* AlamofireImage */ = {
			isa = XCSwiftPackageProductDependency;
			package = C938C5C926A0CBB9008C815E /* XCRemoteSwiftPackageReference "AlamofireImage" */;
			productName = AlamofireImage;
		};
		C938C5CD26A0CBC9008C815E /* Alamofire */ = {
			isa = XCSwiftPackageProductDependency;
			package = C938C5CC26A0CBC9008C815E /* XCRemoteSwiftPackageReference "Alamofire" */;
			productName = Alamofire;
		};
/* End XCSwiftPackageProductDependency section */
	};
	rootObject = C938C4EE26A0AC8A008C815E /* Project object */;
}
